
Microsoft Visual Studio Solution File, Format Version 12.00
# Visual Studio Version 16
VisualStudioVersion = 16.0.30406.217
MinimumVisualStudioVersion = 10.0.40219.1
Project("{FAE04EC0-301F-11D3-BF4B-00C04F79EFBC}") = "EntitiFrameworkPrework", "EntitiFrameworkPrework\EntitiFrameworkPrework.csproj", "{706FB7F4-D85E-4DE2-88F3-C79727EDCB33}"
EndProject
Global
	GlobalSection(SolutionConfigurationPlatforms) = preSolution
		Debug|Any CPU = Debug|Any CPU
		Release|Any CPU = Release|Any CPU
	EndGlobalSection
	GlobalSection(ProjectConfigurationPlatforms) = postSolution
		{706FB7F4-D85E-4DE2-88F3-C79727EDCB33}.Debug|Any CPU.ActiveCfg = Debug|Any CPU
		{706FB7F4-D85E-4DE2-88F3-C79727EDCB33}.Debug|Any CPU.Build.0 = Debug|Any CPU
		{706FB7F4-D85E-4DE2-88F3-C79727EDCB33}.Release|Any CPU.ActiveCfg = Release|Any CPU
		{706FB7F4-D85E-4DE2-88F3-C79727EDCB33}.Release|Any CPU.Build.0 = Release|Any CPU
	EndGlobalSection
	GlobalSection(SolutionProperties) = preSolution
		HideSolutionNode = FALSE
	EndGlobalSection
	GlobalSection(ExtensibilityGlobals) = postSolution
		SolutionGuid = {A43A794D-52D8-4D93-9E5A-74D1E602CD21}
	EndGlobalSection
EndGlobal
